
Microsoft Visual Studio Solution File, Format Version 12.00
# Visual Studio 14
VisualStudioVersion = 14.0.24720.0
MinimumVisualStudioVersion = 10.0.40219.1
Project("{FAE04EC0-301F-11D3-BF4B-00C04F79EFBC}") = "7.0", "7.0\7.0.csproj", "{59859466-3F15-40A0-9A9B-003096CCAD02}"
EndProject
Project("{FAE04EC0-301F-11D3-BF4B-00C04F79EFBC}") = "6.2", "6.2\6.2.csproj", "{67E400DF-1FA1-4B04-A985-68F187C03610}"
EndProject
Project("{FAE04EC0-301F-11D3-BF4B-00C04F79EFBC}") = "Common", "Common\Common.csproj", "{77FF50AE-A243-45EE-9598-0B0E870457C5}"
EndProject
Project("{FAE04EC0-301F-11D3-BF4B-00C04F79EFBC}") = "PersistenceCompatibilityTests", "PersistenceCompatibilityTests\PersistenceCompatibilityTests.csproj", "{A56D3BE8-0A16-4B72-8231-64431A534B57}"
EndProject
Project("{FAE04EC0-301F-11D3-BF4B-00C04F79EFBC}") = "5.0", "5.0\5.0.csproj", "{096B1D0D-2D8B-4CB5-A26D-8377DA1812CE}"
EndProject
Project("{FAE04EC0-301F-11D3-BF4B-00C04F79EFBC}") = "4.5", "4.5\4.5.csproj", "{FF4E993B-A2DA-4BEB-9DE2-33D33F208543}"
EndProject
Project("{D954291E-2A0B-460D-934E-DC6B0785DB48}") = "SharedDefinitions", "SharedDefinitions\SharedDefinitions.shproj", "{DF0700C4-AB75-47A0-BA68-ABE00A40F7E7}"
EndProject
Project("{FAE04EC0-301F-11D3-BF4B-00C04F79EFBC}") = "6.0", "6.0\6.0.csproj", "{87BC49FA-C092-49FB-A017-3A8E18BC9164}"
EndProject
Project("{FAE04EC0-301F-11D3-BF4B-00C04F79EFBC}") = "6.1.0", "6.1.0\6.1.0.csproj", "{105E3AB6-2379-49B9-A64D-5E439B0DB497}"
EndProject
Global
	GlobalSection(SharedMSBuildProjectFiles) = preSolution
		SharedDefinitions\SharedDefinitions.projitems*{096b1d0d-2d8b-4cb5-a26d-8377da1812ce}*SharedItemsImports = 4
		SharedDefinitions\SharedDefinitions.projitems*{a56d3be8-0a16-4b72-8231-64431a534b57}*SharedItemsImports = 4
		SharedDefinitions\SharedDefinitions.projitems*{df0700c4-ab75-47a0-ba68-abe00a40f7e7}*SharedItemsImports = 13
		SharedDefinitions\SharedDefinitions.projitems*{67e400df-1fa1-4b04-a985-68f187c03610}*SharedItemsImports = 4
		SharedDefinitions\SharedDefinitions.projitems*{59859466-3f15-40a0-9a9b-003096ccad02}*SharedItemsImports = 4
		SharedDefinitions\SharedDefinitions.projitems*{105e3ab6-2379-49b9-a64d-5e439b0db497}*SharedItemsImports = 4
		SharedDefinitions\SharedDefinitions.projitems*{ff4e993b-a2da-4beb-9de2-33d33f208543}*SharedItemsImports = 4
		SharedDefinitions\SharedDefinitions.projitems*{87bc49fa-c092-49fb-a017-3a8e18bc9164}*SharedItemsImports = 4
	EndGlobalSection
	GlobalSection(SolutionConfigurationPlatforms) = preSolution
		Debug|Any CPU = Debug|Any CPU
		Release|Any CPU = Release|Any CPU
	EndGlobalSection
	GlobalSection(ProjectConfigurationPlatforms) = postSolution
		{59859466-3F15-40A0-9A9B-003096CCAD02}.Debug|Any CPU.ActiveCfg = Debug|Any CPU
		{59859466-3F15-40A0-9A9B-003096CCAD02}.Debug|Any CPU.Build.0 = Debug|Any CPU
		{59859466-3F15-40A0-9A9B-003096CCAD02}.Release|Any CPU.ActiveCfg = Release|Any CPU
		{59859466-3F15-40A0-9A9B-003096CCAD02}.Release|Any CPU.Build.0 = Release|Any CPU
		{67E400DF-1FA1-4B04-A985-68F187C03610}.Debug|Any CPU.ActiveCfg = Debug|Any CPU
		{67E400DF-1FA1-4B04-A985-68F187C03610}.Debug|Any CPU.Build.0 = Debug|Any CPU
		{67E400DF-1FA1-4B04-A985-68F187C03610}.Release|Any CPU.ActiveCfg = Release|Any CPU
		{67E400DF-1FA1-4B04-A985-68F187C03610}.Release|Any CPU.Build.0 = Release|Any CPU
		{77FF50AE-A243-45EE-9598-0B0E870457C5}.Debug|Any CPU.ActiveCfg = Debug|Any CPU
		{77FF50AE-A243-45EE-9598-0B0E870457C5}.Debug|Any CPU.Build.0 = Debug|Any CPU
		{77FF50AE-A243-45EE-9598-0B0E870457C5}.Release|Any CPU.ActiveCfg = Release|Any CPU
		{77FF50AE-A243-45EE-9598-0B0E870457C5}.Release|Any CPU.Build.0 = Release|Any CPU
		{A56D3BE8-0A16-4B72-8231-64431A534B57}.Debug|Any CPU.ActiveCfg = Debug|Any CPU
		{A56D3BE8-0A16-4B72-8231-64431A534B57}.Debug|Any CPU.Build.0 = Debug|Any CPU
		{A56D3BE8-0A16-4B72-8231-64431A534B57}.Release|Any CPU.ActiveCfg = Release|Any CPU
		{A56D3BE8-0A16-4B72-8231-64431A534B57}.Release|Any CPU.Build.0 = Release|Any CPU
		{096B1D0D-2D8B-4CB5-A26D-8377DA1812CE}.Debug|Any CPU.ActiveCfg = Debug|Any CPU
		{096B1D0D-2D8B-4CB5-A26D-8377DA1812CE}.Debug|Any CPU.Build.0 = Debug|Any CPU
		{096B1D0D-2D8B-4CB5-A26D-8377DA1812CE}.Release|Any CPU.ActiveCfg = Release|Any CPU
		{096B1D0D-2D8B-4CB5-A26D-8377DA1812CE}.Release|Any CPU.Build.0 = Release|Any CPU
		{FF4E993B-A2DA-4BEB-9DE2-33D33F208543}.Debug|Any CPU.ActiveCfg = Debug|Any CPU
		{FF4E993B-A2DA-4BEB-9DE2-33D33F208543}.Debug|Any CPU.Build.0 = Debug|Any CPU
		{FF4E993B-A2DA-4BEB-9DE2-33D33F208543}.Release|Any CPU.ActiveCfg = Release|Any CPU
		{FF4E993B-A2DA-4BEB-9DE2-33D33F208543}.Release|Any CPU.Build.0 = Release|Any CPU
		{87BC49FA-C092-49FB-A017-3A8E18BC9164}.Debug|Any CPU.ActiveCfg = Debug|Any CPU
		{87BC49FA-C092-49FB-A017-3A8E18BC9164}.Debug|Any CPU.Build.0 = Debug|Any CPU
		{87BC49FA-C092-49FB-A017-3A8E18BC9164}.Release|Any CPU.ActiveCfg = Release|Any CPU
		{87BC49FA-C092-49FB-A017-3A8E18BC9164}.Release|Any CPU.Build.0 = Release|Any CPU
		{105E3AB6-2379-49B9-A64D-5E439B0DB497}.Debug|Any CPU.ActiveCfg = Debug|Any CPU
		{105E3AB6-2379-49B9-A64D-5E439B0DB497}.Debug|Any CPU.Build.0 = Debug|Any CPU
		{105E3AB6-2379-49B9-A64D-5E439B0DB497}.Release|Any CPU.ActiveCfg = Release|Any CPU
		{105E3AB6-2379-49B9-A64D-5E439B0DB497}.Release|Any CPU.Build.0 = Release|Any CPU
	EndGlobalSection
	GlobalSection(SolutionProperties) = preSolution
		HideSolutionNode = FALSE
	EndGlobalSection
EndGlobal
