Microsoft Visual Studio Solution File, Format Version 12.00
# Visual Studio 14
VisualStudioVersion = 14.0.24720.0
MinimumVisualStudioVersion = 10.0.40219.1
Project("{2150E333-8FDC-42A3-9474-1A3956D46DE8}") = "SqlServer", "SqlServer", "{730F50BD-97CE-4A53-A074-01A7AEFA0FFB}"
EndProject
Project("{FAE04EC0-301F-11D3-BF4B-00C04F79EFBC}") = "SqlServerV3", "SqlServerV3\SqlServerV3.csproj", "{FEC856E8-44EE-4E93-8964-32FD236E9DF7}"
EndProject
Project("{FAE04EC0-301F-11D3-BF4B-00C04F79EFBC}") = "SqlServerV2", "SqlServerV2\SqlServerV2.csproj", "{EEAE4525-249C-4AEE-BE10-BD338D537594}"
EndProject
Project("{FAE04EC0-301F-11D3-BF4B-00C04F79EFBC}") = "TransportCompatibilityTests", "TransportCompatibilityTests\TransportCompatibilityTests.csproj", "{BFE9635E-E2B4-46A3-AC73-2C4E07A788E0}"
EndProject
Project("{FAE04EC0-301F-11D3-BF4B-00C04F79EFBC}") = "TransportCompatibilityTests.Common", "TransportCompatibilityTests.Common\TransportCompatibilityTests.Common.csproj", "{531AB217-EFFE-428C-8CA0-A8A70C907992}"
EndProject
Project("{FAE04EC0-301F-11D3-BF4B-00C04F79EFBC}") = "SqlServerV1", "SqlServerV1\SqlServerV1.csproj", "{B5D74165-91F9-46CF-8523-1775598F5EE6}"
EndProject
Project("{2150E333-8FDC-42A3-9474-1A3956D46DE8}") = "RabbitMQ", "RabbitMQ", "{0016BDD0-559A-454F-985A-0625640C40EA}"
EndProject
Project("{FAE04EC0-301F-11D3-BF4B-00C04F79EFBC}") = "RabbitMQV3", "RabbitMQV3\RabbitMQV3.csproj", "{94E37CD9-04A9-4461-A761-FC2365598BDD}"
EndProject
Project("{FAE04EC0-301F-11D3-BF4B-00C04F79EFBC}") = "RabbitMQV2", "RabbitMQV2\RabbitMQV2.csproj", "{8D3071C9-D9C6-4E95-9A3C-AC4568DE967D}"
EndProject
Project("{FAE04EC0-301F-11D3-BF4B-00C04F79EFBC}") = "RabbitMQV1", "RabbitMQV1\RabbitMQV1.csproj", "{EF601F46-C261-442F-9C81-CC81E0350A13}"
EndProject
Project("{2150E333-8FDC-42A3-9474-1A3956D46DE8}") = "AzureServiceBus", "AzureServiceBus", "{D9F4ACD7-CA95-429F-8121-01CF783747EF}"
EndProject
Project("{FAE04EC0-301F-11D3-BF4B-00C04F79EFBC}") = "AzureServiceBusV6", "AzureServiceBusV6\AzureServiceBusV6.csproj", "{C13145D4-A8A8-46DF-A9FF-F3BDBA94C1FA}"
EndProject
Project("{FAE04EC0-301F-11D3-BF4B-00C04F79EFBC}") = "AzureServiceBusV7", "AzureServiceBusV7\AzureServiceBusV7.csproj", "{FE282C56-A4C9-4313-8F0B-F1639568B546}"
EndProject
Project("{2150E333-8FDC-42A3-9474-1A3956D46DE8}") = "AzureStorageQueues", "AzureStorageQueues", "{2D1C1288-7385-4410-8F6E-AF57D0FAA8BC}"
EndProject
Project("{FAE04EC0-301F-11D3-BF4B-00C04F79EFBC}") = "AzureStorageQueuesV6", "AzureStorageQueuesV6\AzureStorageQueuesV6.csproj", "{316A9169-B609-4026-8E06-280D1CA8B488}"
EndProject
Project("{FAE04EC0-301F-11D3-BF4B-00C04F79EFBC}") = "AzureStorageQueuesV7", "AzureStorageQueuesV7\AzureStorageQueuesV7.csproj", "{BB031E55-5DF4-44A4-9A69-23A0A3821B08}"
EndProject
Global
	GlobalSection(SolutionConfigurationPlatforms) = preSolution
		Debug|Any CPU = Debug|Any CPU
		Release|Any CPU = Release|Any CPU
	EndGlobalSection
	GlobalSection(ProjectConfigurationPlatforms) = postSolution
		{FEC856E8-44EE-4E93-8964-32FD236E9DF7}.Debug|Any CPU.ActiveCfg = Debug|Any CPU
		{FEC856E8-44EE-4E93-8964-32FD236E9DF7}.Debug|Any CPU.Build.0 = Debug|Any CPU
		{FEC856E8-44EE-4E93-8964-32FD236E9DF7}.Release|Any CPU.ActiveCfg = Release|Any CPU
		{FEC856E8-44EE-4E93-8964-32FD236E9DF7}.Release|Any CPU.Build.0 = Release|Any CPU
		{EEAE4525-249C-4AEE-BE10-BD338D537594}.Debug|Any CPU.ActiveCfg = Debug|Any CPU
		{EEAE4525-249C-4AEE-BE10-BD338D537594}.Debug|Any CPU.Build.0 = Debug|Any CPU
		{EEAE4525-249C-4AEE-BE10-BD338D537594}.Release|Any CPU.ActiveCfg = Release|Any CPU
		{EEAE4525-249C-4AEE-BE10-BD338D537594}.Release|Any CPU.Build.0 = Release|Any CPU
		{BFE9635E-E2B4-46A3-AC73-2C4E07A788E0}.Debug|Any CPU.ActiveCfg = Debug|Any CPU
		{BFE9635E-E2B4-46A3-AC73-2C4E07A788E0}.Debug|Any CPU.Build.0 = Debug|Any CPU
		{BFE9635E-E2B4-46A3-AC73-2C4E07A788E0}.Release|Any CPU.ActiveCfg = Release|Any CPU
		{BFE9635E-E2B4-46A3-AC73-2C4E07A788E0}.Release|Any CPU.Build.0 = Release|Any CPU
		{531AB217-EFFE-428C-8CA0-A8A70C907992}.Debug|Any CPU.ActiveCfg = Debug|Any CPU
		{531AB217-EFFE-428C-8CA0-A8A70C907992}.Debug|Any CPU.Build.0 = Debug|Any CPU
		{531AB217-EFFE-428C-8CA0-A8A70C907992}.Release|Any CPU.ActiveCfg = Release|Any CPU
		{531AB217-EFFE-428C-8CA0-A8A70C907992}.Release|Any CPU.Build.0 = Release|Any CPU
		{B5D74165-91F9-46CF-8523-1775598F5EE6}.Debug|Any CPU.ActiveCfg = Debug|Any CPU
		{B5D74165-91F9-46CF-8523-1775598F5EE6}.Debug|Any CPU.Build.0 = Debug|Any CPU
		{B5D74165-91F9-46CF-8523-1775598F5EE6}.Release|Any CPU.ActiveCfg = Release|Any CPU
		{B5D74165-91F9-46CF-8523-1775598F5EE6}.Release|Any CPU.Build.0 = Release|Any CPU
		{94E37CD9-04A9-4461-A761-FC2365598BDD}.Debug|Any CPU.ActiveCfg = Debug|Any CPU
		{94E37CD9-04A9-4461-A761-FC2365598BDD}.Debug|Any CPU.Build.0 = Debug|Any CPU
		{94E37CD9-04A9-4461-A761-FC2365598BDD}.Release|Any CPU.ActiveCfg = Release|Any CPU
		{94E37CD9-04A9-4461-A761-FC2365598BDD}.Release|Any CPU.Build.0 = Release|Any CPU
		{8D3071C9-D9C6-4E95-9A3C-AC4568DE967D}.Debug|Any CPU.ActiveCfg = Debug|Any CPU
		{8D3071C9-D9C6-4E95-9A3C-AC4568DE967D}.Debug|Any CPU.Build.0 = Debug|Any CPU
		{8D3071C9-D9C6-4E95-9A3C-AC4568DE967D}.Release|Any CPU.ActiveCfg = Release|Any CPU
		{8D3071C9-D9C6-4E95-9A3C-AC4568DE967D}.Release|Any CPU.Build.0 = Release|Any CPU
		{EF601F46-C261-442F-9C81-CC81E0350A13}.Debug|Any CPU.ActiveCfg = Debug|Any CPU
		{EF601F46-C261-442F-9C81-CC81E0350A13}.Debug|Any CPU.Build.0 = Debug|Any CPU
		{EF601F46-C261-442F-9C81-CC81E0350A13}.Release|Any CPU.ActiveCfg = Release|Any CPU
		{EF601F46-C261-442F-9C81-CC81E0350A13}.Release|Any CPU.Build.0 = Release|Any CPU
		{C13145D4-A8A8-46DF-A9FF-F3BDBA94C1FA}.Debug|Any CPU.ActiveCfg = Debug|Any CPU
		{C13145D4-A8A8-46DF-A9FF-F3BDBA94C1FA}.Debug|Any CPU.Build.0 = Debug|Any CPU
		{C13145D4-A8A8-46DF-A9FF-F3BDBA94C1FA}.Release|Any CPU.ActiveCfg = Release|Any CPU
		{C13145D4-A8A8-46DF-A9FF-F3BDBA94C1FA}.Release|Any CPU.Build.0 = Release|Any CPU
		{FE282C56-A4C9-4313-8F0B-F1639568B546}.Debug|Any CPU.ActiveCfg = Debug|Any CPU
		{FE282C56-A4C9-4313-8F0B-F1639568B546}.Debug|Any CPU.Build.0 = Debug|Any CPU
		{FE282C56-A4C9-4313-8F0B-F1639568B546}.Release|Any CPU.ActiveCfg = Release|Any CPU
		{FE282C56-A4C9-4313-8F0B-F1639568B546}.Release|Any CPU.Build.0 = Release|Any CPU
		{316A9169-B609-4026-8E06-280D1CA8B488}.Debug|Any CPU.ActiveCfg = Debug|Any CPU
		{316A9169-B609-4026-8E06-280D1CA8B488}.Debug|Any CPU.Build.0 = Debug|Any CPU
		{316A9169-B609-4026-8E06-280D1CA8B488}.Release|Any CPU.ActiveCfg = Release|Any CPU
		{316A9169-B609-4026-8E06-280D1CA8B488}.Release|Any CPU.Build.0 = Release|Any CPU
		{BB031E55-5DF4-44A4-9A69-23A0A3821B08}.Debug|Any CPU.ActiveCfg = Debug|Any CPU
		{BB031E55-5DF4-44A4-9A69-23A0A3821B08}.Debug|Any CPU.Build.0 = Debug|Any CPU
		{BB031E55-5DF4-44A4-9A69-23A0A3821B08}.Release|Any CPU.ActiveCfg = Release|Any CPU
		{BB031E55-5DF4-44A4-9A69-23A0A3821B08}.Release|Any CPU.Build.0 = Release|Any CPU
	EndGlobalSection
	GlobalSection(SolutionProperties) = preSolution
		HideSolutionNode = FALSE
	EndGlobalSection
	GlobalSection(NestedProjects) = preSolution
		{FEC856E8-44EE-4E93-8964-32FD236E9DF7} = {730F50BD-97CE-4A53-A074-01A7AEFA0FFB}
		{EEAE4525-249C-4AEE-BE10-BD338D537594} = {730F50BD-97CE-4A53-A074-01A7AEFA0FFB}
		{B5D74165-91F9-46CF-8523-1775598F5EE6} = {730F50BD-97CE-4A53-A074-01A7AEFA0FFB}
		{94E37CD9-04A9-4461-A761-FC2365598BDD} = {0016BDD0-559A-454F-985A-0625640C40EA}
		{8D3071C9-D9C6-4E95-9A3C-AC4568DE967D} = {0016BDD0-559A-454F-985A-0625640C40EA}
		{EF601F46-C261-442F-9C81-CC81E0350A13} = {0016BDD0-559A-454F-985A-0625640C40EA}
		{C13145D4-A8A8-46DF-A9FF-F3BDBA94C1FA} = {D9F4ACD7-CA95-429F-8121-01CF783747EF}
		{FE282C56-A4C9-4313-8F0B-F1639568B546} = {D9F4ACD7-CA95-429F-8121-01CF783747EF}
		{316A9169-B609-4026-8E06-280D1CA8B488} = {2D1C1288-7385-4410-8F6E-AF57D0FAA8BC}
		{BB031E55-5DF4-44A4-9A69-23A0A3821B08} = {2D1C1288-7385-4410-8F6E-AF57D0FAA8BC}
	EndGlobalSection
EndGlobal