
Microsoft Visual Studio Solution File, Format Version 12.00
# Visual Studio 14
VisualStudioVersion = 14.0.24720.0
MinimumVisualStudioVersion = 10.0.40219.1
Project("{FAE04EC0-301F-11D3-BF4B-00C04F79EFBC}") = "NServiceBus3", "NServiceBus3\NServiceBus3.csproj", "{17FD8B87-AB4D-4663-8C9F-A3B1213D046D}"
EndProject
Project("{FAE04EC0-301F-11D3-BF4B-00C04F79EFBC}") = "Common", "Common\Common.csproj", "{572499ED-E234-4C66-BD6E-D5A845065C5F}"
EndProject
Project("{FAE04EC0-301F-11D3-BF4B-00C04F79EFBC}") = "NServiceBus4", "NServiceBus4\NServiceBus4.csproj", "{2428412D-C9C5-4006-BFC4-DF7CCB90B12E}"
EndProject
Project("{FAE04EC0-301F-11D3-BF4B-00C04F79EFBC}") = "NServiceBus5", "NServiceBus5\NServiceBus5.csproj", "{BE2C7B5E-7A71-4B0C-9020-343ED2010993}"
EndProject
Project("{FAE04EC0-301F-11D3-BF4B-00C04F79EFBC}") = "NServiceBus6", "NServiceBus6\NServiceBus6.csproj", "{10D11044-C92C-42AD-830E-57012FF4F039}"
EndProject
Project("{FAE04EC0-301F-11D3-BF4B-00C04F79EFBC}") = "Tests", "Tests\Tests.csproj", "{FEAAE402-8ED0-47FB-8E54-42B1D7F654CC}"
	ProjectSection(ProjectDependencies) = postProject
		{2428412D-C9C5-4006-BFC4-DF7CCB90B12E} = {2428412D-C9C5-4006-BFC4-DF7CCB90B12E}
		{10D11044-C92C-42AD-830E-57012FF4F039} = {10D11044-C92C-42AD-830E-57012FF4F039}
		{BE2C7B5E-7A71-4B0C-9020-343ED2010993} = {BE2C7B5E-7A71-4B0C-9020-343ED2010993}
		{17FD8B87-AB4D-4663-8C9F-A3B1213D046D} = {17FD8B87-AB4D-4663-8C9F-A3B1213D046D}
	EndProjectSection
EndProject
Global
	GlobalSection(SolutionConfigurationPlatforms) = preSolution
		Debug|Any CPU = Debug|Any CPU
		Release|Any CPU = Release|Any CPU
	EndGlobalSection
	GlobalSection(ProjectConfigurationPlatforms) = postSolution
		{17FD8B87-AB4D-4663-8C9F-A3B1213D046D}.Debug|Any CPU.ActiveCfg = Debug|Any CPU
		{17FD8B87-AB4D-4663-8C9F-A3B1213D046D}.Debug|Any CPU.Build.0 = Debug|Any CPU
		{17FD8B87-AB4D-4663-8C9F-A3B1213D046D}.Release|Any CPU.ActiveCfg = Release|Any CPU
		{17FD8B87-AB4D-4663-8C9F-A3B1213D046D}.Release|Any CPU.Build.0 = Release|Any CPU
		{572499ED-E234-4C66-BD6E-D5A845065C5F}.Debug|Any CPU.ActiveCfg = Debug|Any CPU
		{572499ED-E234-4C66-BD6E-D5A845065C5F}.Debug|Any CPU.Build.0 = Debug|Any CPU
		{572499ED-E234-4C66-BD6E-D5A845065C5F}.Release|Any CPU.ActiveCfg = Release|Any CPU
		{572499ED-E234-4C66-BD6E-D5A845065C5F}.Release|Any CPU.Build.0 = Release|Any CPU
		{2428412D-C9C5-4006-BFC4-DF7CCB90B12E}.Debug|Any CPU.ActiveCfg = Debug|Any CPU
		{2428412D-C9C5-4006-BFC4-DF7CCB90B12E}.Debug|Any CPU.Build.0 = Debug|Any CPU
		{2428412D-C9C5-4006-BFC4-DF7CCB90B12E}.Release|Any CPU.ActiveCfg = Release|Any CPU
		{2428412D-C9C5-4006-BFC4-DF7CCB90B12E}.Release|Any CPU.Build.0 = Release|Any CPU
		{BE2C7B5E-7A71-4B0C-9020-343ED2010993}.Debug|Any CPU.ActiveCfg = Debug|Any CPU
		{BE2C7B5E-7A71-4B0C-9020-343ED2010993}.Debug|Any CPU.Build.0 = Debug|Any CPU
		{BE2C7B5E-7A71-4B0C-9020-343ED2010993}.Release|Any CPU.ActiveCfg = Release|Any CPU
		{BE2C7B5E-7A71-4B0C-9020-343ED2010993}.Release|Any CPU.Build.0 = Release|Any CPU
		{10D11044-C92C-42AD-830E-57012FF4F039}.Debug|Any CPU.ActiveCfg = Debug|Any CPU
		{10D11044-C92C-42AD-830E-57012FF4F039}.Debug|Any CPU.Build.0 = Debug|Any CPU
		{10D11044-C92C-42AD-830E-57012FF4F039}.Release|Any CPU.ActiveCfg = Release|Any CPU
		{10D11044-C92C-42AD-830E-57012FF4F039}.Release|Any CPU.Build.0 = Release|Any CPU
		{FEAAE402-8ED0-47FB-8E54-42B1D7F654CC}.Debug|Any CPU.ActiveCfg = Debug|Any CPU
		{FEAAE402-8ED0-47FB-8E54-42B1D7F654CC}.Debug|Any CPU.Build.0 = Debug|Any CPU
		{FEAAE402-8ED0-47FB-8E54-42B1D7F654CC}.Release|Any CPU.ActiveCfg = Release|Any CPU
		{FEAAE402-8ED0-47FB-8E54-42B1D7F654CC}.Release|Any CPU.Build.0 = Release|Any CPU
	EndGlobalSection
	GlobalSection(SolutionProperties) = preSolution
		HideSolutionNode = FALSE
	EndGlobalSection
EndGlobal
