
Microsoft Visual Studio Solution File, Format Version 12.00
# Visual Studio 14
VisualStudioVersion = 14.0.24720.0
MinimumVisualStudioVersion = 10.0.40219.1
Project("{FAE04EC0-301F-11D3-BF4B-00C04F79EFBC}") = "Tests", "Tests\Tests.csproj", "{FEAAE402-8ED0-47FB-8E54-42B1D7F654CC}"
EndProject
Project("{FAE04EC0-301F-11D3-BF4B-00C04F79EFBC}") = "Utils", "Common\Utils.csproj", "{572499ED-E234-4C66-BD6E-D5A845065C5F}"
EndProject
Project("{D954291E-2A0B-460D-934E-DC6B0785DB48}") = "Common", "Common.Data\Common.shproj", "{19307507-7C7A-433E-9752-7A3E63876991}"
EndProject
Project("{FAE04EC0-301F-11D3-BF4B-00C04F79EFBC}") = "NServiceBus5", "NServiceBus5\NServiceBus5.csproj", "{BE2C7B5E-7A71-4B0C-9020-343ED2010993}"
EndProject
Project("{FAE04EC0-301F-11D3-BF4B-00C04F79EFBC}") = "NServiceBus6", "NServiceBus6\NServiceBus6.csproj", "{10D11044-C92C-42AD-830E-57012FF4F039}"
EndProject
Project("{FAE04EC0-301F-11D3-BF4B-00C04F79EFBC}") = "Persistence.V5.NHibernate_v6", "Persistence.V5.NHibernate.V6\Persistence.V5.NHibernate_v6.csproj", "{207E1813-EC15-4C3B-ADBC-88E3733257E4}"
EndProject
Project("{FAE04EC0-301F-11D3-BF4B-00C04F79EFBC}") = "Persistence.V6.NHibernate_v7", "Persistence.V6.NHibernate.V7\Persistence.V6.NHibernate_v7.csproj", "{02CA6A55-A771-4AD5-912A-484A2BBEFBD5}"
EndProject
Project("{FAE04EC0-301F-11D3-BF4B-00C04F79EFBC}") = "Persistence.V5.RavenDB_v3", "Persistence.V5.RavenDB.V3\Persistence.V5.RavenDB_v3.csproj", "{2951D082-F37D-45F1-92FA-19DCFF3D8622}"
EndProject
Project("{FAE04EC0-301F-11D3-BF4B-00C04F79EFBC}") = "Persistence.V6.RavenDB_v4", "Persistence.V6.RavenDB.V4\Persistence.V6.RavenDB_v4.csproj", "{C3E92DC8-F3C3-4CBF-BBC8-02B6DD440817}"
EndProject
Project("{FAE04EC0-301F-11D3-BF4B-00C04F79EFBC}") = "Persistence.V5.InMemory", "Persistence.V5.InMemory.V5\Persistence.V5.InMemory.csproj", "{D8CB2DA9-4AE4-417C-89C3-00555F5E1F47}"
EndProject
Project("{FAE04EC0-301F-11D3-BF4B-00C04F79EFBC}") = "Transport.V5.MSMQ", "Transport.V5.MSMQ.V5\Transport.V5.MSMQ.csproj", "{1C7DB98E-AEC5-4921-A765-AC81F1B8E40A}"
EndProject
Project("{FAE04EC0-301F-11D3-BF4B-00C04F79EFBC}") = "Transport.V6.MSMQ", "Transport.V6.MSMQ.V6\Transport.V6.MSMQ.csproj", "{182F83FE-F6C2-4B6C-BF65-48EDB28EA14A}"
EndProject
Project("{FAE04EC0-301F-11D3-BF4B-00C04F79EFBC}") = "Transport.V5.SQLServer_v2", "Transport.V5.SQLServer.V2\Transport.V5.SQLServer_v2.csproj", "{1017C202-2EA7-4074-9BF9-276921403F3D}"
EndProject
Project("{FAE04EC0-301F-11D3-BF4B-00C04F79EFBC}") = "Transport.V6.SQLServer_v3", "Transport.V6.SQLServer.V3\Transport.V6.SQLServer_v3.csproj", "{DCECEB8B-70F6-459F-8893-57218338D0F7}"
EndProject
Project("{FAE04EC0-301F-11D3-BF4B-00C04F79EFBC}") = "Transport.V5.RabbitMQ_v3", "Transport.V5.RabbitMQ.V3\Transport.V5.RabbitMQ_v3.csproj", "{87B17C90-2562-4187-A152-3000DD9A6E1B}"
EndProject
Project("{FAE04EC0-301F-11D3-BF4B-00C04F79EFBC}") = "Transport.V6.RabbitMQ_v4", "Transport.V6.RabbitMQ.V4\Transport.V6.RabbitMQ_v4.csproj", "{245211CB-E830-454E-BE75-DCFA904EBB8B}"
EndProject
Project("{FAE04EC0-301F-11D3-BF4B-00C04F79EFBC}") = "Transport.V5.AzureServiceBus_v6", "Transport.V5.AzureServiceBus.V6\Transport.V5.AzureServiceBus_v6.csproj", "{19BE6CC3-9715-4CFA-8B19-5CF42CAAE4A2}"
EndProject
Project("{FAE04EC0-301F-11D3-BF4B-00C04F79EFBC}") = "Transport.V6.AzureServiceBus_v7", "Transport.V6.AzureServiceBus.V7\Transport.V6.AzureServiceBus_v7.csproj", "{3F77A6DF-9683-4450-A0FE-45259461947F}"
EndProject
Project("{FAE04EC0-301F-11D3-BF4B-00C04F79EFBC}") = "Transport.V5.AzureStorageQueues_v6", "Transport.V5.AzureStorageQueues.V6\Transport.V5.AzureStorageQueues_v6.csproj", "{152520F2-7D43-443B-B929-73BDFE9CE792}"
EndProject
Project("{FAE04EC0-301F-11D3-BF4B-00C04F79EFBC}") = "Transport.V6.AzureStorageQueues_v7", "Transport.V6.AzureStorageQueues.V7\Transport.V6.AzureStorageQueues_v7.csproj", "{B8CD6B76-6416-4C10-8746-EC65CA09B191}"
EndProject
Project("{2150E333-8FDC-42A3-9474-1A3956D46DE8}") = "Persistence", "Persistence", "{3CB57DB2-A0E9-4C56-B3D4-9051F34BD2C1}"
EndProject
Project("{2150E333-8FDC-42A3-9474-1A3956D46DE8}") = "Transport", "Transport", "{CF9C0BCF-E877-47A2-BEF4-F0068F16F074}"
EndProject
Project("{FAE04EC0-301F-11D3-BF4B-00C04F79EFBC}") = "Persistence.V6.InMemory", "Persistence.V6.InMemory\Persistence.V6.InMemory.csproj", "{FAC26029-1E00-43E5-B7DB-13318FC1092A}"
EndProject
Project("{FAE04EC0-301F-11D3-BF4B-00C04F79EFBC}") = "VisualStudioDebugHelper", "DebugHandler\VisualStudioDebugHelper.csproj", "{4FFA67B5-3CD7-4E37-918D-26DBD9947FB3}"
Project("{2150E333-8FDC-42A3-9474-1A3956D46DE8}") = "Solution Items", "Solution Items", "{FE378DAF-B1F4-418B-B521-C472E541CC0F}"
	ProjectSection(SolutionItems) = preProject
		readme.md = readme.md
	EndProjectSection
EndProject
Global
	GlobalSection(SharedMSBuildProjectFiles) = preSolution
		Common.Data\Common.Data.projitems*{10d11044-c92c-42ad-830e-57012ff4f039}*SharedItemsImports = 4
		Common.Data\Common.Data.projitems*{be2c7b5e-7a71-4b0c-9020-343ed2010993}*SharedItemsImports = 4
		Common.Data\Common.Data.projitems*{19307507-7c7a-433e-9752-7a3e63876991}*SharedItemsImports = 13
	EndGlobalSection
	GlobalSection(SolutionConfigurationPlatforms) = preSolution
		Debug|Any CPU = Debug|Any CPU
		Release|Any CPU = Release|Any CPU
	EndGlobalSection
	GlobalSection(ProjectConfigurationPlatforms) = postSolution
		{FEAAE402-8ED0-47FB-8E54-42B1D7F654CC}.Debug|Any CPU.ActiveCfg = Debug|Any CPU
		{FEAAE402-8ED0-47FB-8E54-42B1D7F654CC}.Debug|Any CPU.Build.0 = Debug|Any CPU
		{FEAAE402-8ED0-47FB-8E54-42B1D7F654CC}.Release|Any CPU.ActiveCfg = Release|Any CPU
		{FEAAE402-8ED0-47FB-8E54-42B1D7F654CC}.Release|Any CPU.Build.0 = Release|Any CPU
		{572499ED-E234-4C66-BD6E-D5A845065C5F}.Debug|Any CPU.ActiveCfg = Debug|Any CPU
		{572499ED-E234-4C66-BD6E-D5A845065C5F}.Debug|Any CPU.Build.0 = Debug|Any CPU
		{572499ED-E234-4C66-BD6E-D5A845065C5F}.Release|Any CPU.ActiveCfg = Release|Any CPU
		{572499ED-E234-4C66-BD6E-D5A845065C5F}.Release|Any CPU.Build.0 = Release|Any CPU
		{BE2C7B5E-7A71-4B0C-9020-343ED2010993}.Debug|Any CPU.ActiveCfg = Debug|Any CPU
		{BE2C7B5E-7A71-4B0C-9020-343ED2010993}.Debug|Any CPU.Build.0 = Debug|Any CPU
		{BE2C7B5E-7A71-4B0C-9020-343ED2010993}.Release|Any CPU.ActiveCfg = Release|Any CPU
		{BE2C7B5E-7A71-4B0C-9020-343ED2010993}.Release|Any CPU.Build.0 = Release|Any CPU
		{10D11044-C92C-42AD-830E-57012FF4F039}.Debug|Any CPU.ActiveCfg = Debug|Any CPU
		{10D11044-C92C-42AD-830E-57012FF4F039}.Debug|Any CPU.Build.0 = Debug|Any CPU
		{10D11044-C92C-42AD-830E-57012FF4F039}.Release|Any CPU.ActiveCfg = Release|Any CPU
		{10D11044-C92C-42AD-830E-57012FF4F039}.Release|Any CPU.Build.0 = Release|Any CPU
		{207E1813-EC15-4C3B-ADBC-88E3733257E4}.Debug|Any CPU.ActiveCfg = Debug|Any CPU
		{207E1813-EC15-4C3B-ADBC-88E3733257E4}.Debug|Any CPU.Build.0 = Debug|Any CPU
		{207E1813-EC15-4C3B-ADBC-88E3733257E4}.Release|Any CPU.ActiveCfg = Release|Any CPU
		{207E1813-EC15-4C3B-ADBC-88E3733257E4}.Release|Any CPU.Build.0 = Release|Any CPU
		{02CA6A55-A771-4AD5-912A-484A2BBEFBD5}.Debug|Any CPU.ActiveCfg = Debug|Any CPU
		{02CA6A55-A771-4AD5-912A-484A2BBEFBD5}.Debug|Any CPU.Build.0 = Debug|Any CPU
		{02CA6A55-A771-4AD5-912A-484A2BBEFBD5}.Release|Any CPU.ActiveCfg = Release|Any CPU
		{02CA6A55-A771-4AD5-912A-484A2BBEFBD5}.Release|Any CPU.Build.0 = Release|Any CPU
		{2951D082-F37D-45F1-92FA-19DCFF3D8622}.Debug|Any CPU.ActiveCfg = Debug|Any CPU
		{2951D082-F37D-45F1-92FA-19DCFF3D8622}.Debug|Any CPU.Build.0 = Debug|Any CPU
		{2951D082-F37D-45F1-92FA-19DCFF3D8622}.Release|Any CPU.ActiveCfg = Release|Any CPU
		{2951D082-F37D-45F1-92FA-19DCFF3D8622}.Release|Any CPU.Build.0 = Release|Any CPU
		{C3E92DC8-F3C3-4CBF-BBC8-02B6DD440817}.Debug|Any CPU.ActiveCfg = Debug|Any CPU
		{C3E92DC8-F3C3-4CBF-BBC8-02B6DD440817}.Debug|Any CPU.Build.0 = Debug|Any CPU
		{C3E92DC8-F3C3-4CBF-BBC8-02B6DD440817}.Release|Any CPU.ActiveCfg = Release|Any CPU
		{C3E92DC8-F3C3-4CBF-BBC8-02B6DD440817}.Release|Any CPU.Build.0 = Release|Any CPU
		{D8CB2DA9-4AE4-417C-89C3-00555F5E1F47}.Debug|Any CPU.ActiveCfg = Debug|Any CPU
		{D8CB2DA9-4AE4-417C-89C3-00555F5E1F47}.Debug|Any CPU.Build.0 = Debug|Any CPU
		{D8CB2DA9-4AE4-417C-89C3-00555F5E1F47}.Release|Any CPU.ActiveCfg = Release|Any CPU
		{D8CB2DA9-4AE4-417C-89C3-00555F5E1F47}.Release|Any CPU.Build.0 = Release|Any CPU
		{1C7DB98E-AEC5-4921-A765-AC81F1B8E40A}.Debug|Any CPU.ActiveCfg = Debug|Any CPU
		{1C7DB98E-AEC5-4921-A765-AC81F1B8E40A}.Debug|Any CPU.Build.0 = Debug|Any CPU
		{1C7DB98E-AEC5-4921-A765-AC81F1B8E40A}.Release|Any CPU.ActiveCfg = Release|Any CPU
		{1C7DB98E-AEC5-4921-A765-AC81F1B8E40A}.Release|Any CPU.Build.0 = Release|Any CPU
		{182F83FE-F6C2-4B6C-BF65-48EDB28EA14A}.Debug|Any CPU.ActiveCfg = Debug|Any CPU
		{182F83FE-F6C2-4B6C-BF65-48EDB28EA14A}.Debug|Any CPU.Build.0 = Debug|Any CPU
		{182F83FE-F6C2-4B6C-BF65-48EDB28EA14A}.Release|Any CPU.ActiveCfg = Release|Any CPU
		{182F83FE-F6C2-4B6C-BF65-48EDB28EA14A}.Release|Any CPU.Build.0 = Release|Any CPU
		{1017C202-2EA7-4074-9BF9-276921403F3D}.Debug|Any CPU.ActiveCfg = Debug|Any CPU
		{1017C202-2EA7-4074-9BF9-276921403F3D}.Debug|Any CPU.Build.0 = Debug|Any CPU
		{1017C202-2EA7-4074-9BF9-276921403F3D}.Release|Any CPU.ActiveCfg = Release|Any CPU
		{1017C202-2EA7-4074-9BF9-276921403F3D}.Release|Any CPU.Build.0 = Release|Any CPU
		{DCECEB8B-70F6-459F-8893-57218338D0F7}.Debug|Any CPU.ActiveCfg = Debug|Any CPU
		{DCECEB8B-70F6-459F-8893-57218338D0F7}.Debug|Any CPU.Build.0 = Debug|Any CPU
		{DCECEB8B-70F6-459F-8893-57218338D0F7}.Release|Any CPU.ActiveCfg = Release|Any CPU
		{DCECEB8B-70F6-459F-8893-57218338D0F7}.Release|Any CPU.Build.0 = Release|Any CPU
		{87B17C90-2562-4187-A152-3000DD9A6E1B}.Debug|Any CPU.ActiveCfg = Debug|Any CPU
		{87B17C90-2562-4187-A152-3000DD9A6E1B}.Debug|Any CPU.Build.0 = Debug|Any CPU
		{87B17C90-2562-4187-A152-3000DD9A6E1B}.Release|Any CPU.ActiveCfg = Release|Any CPU
		{87B17C90-2562-4187-A152-3000DD9A6E1B}.Release|Any CPU.Build.0 = Release|Any CPU
		{245211CB-E830-454E-BE75-DCFA904EBB8B}.Debug|Any CPU.ActiveCfg = Debug|Any CPU
		{245211CB-E830-454E-BE75-DCFA904EBB8B}.Debug|Any CPU.Build.0 = Debug|Any CPU
		{245211CB-E830-454E-BE75-DCFA904EBB8B}.Release|Any CPU.ActiveCfg = Release|Any CPU
		{245211CB-E830-454E-BE75-DCFA904EBB8B}.Release|Any CPU.Build.0 = Release|Any CPU
		{19BE6CC3-9715-4CFA-8B19-5CF42CAAE4A2}.Debug|Any CPU.ActiveCfg = Debug|Any CPU
		{19BE6CC3-9715-4CFA-8B19-5CF42CAAE4A2}.Debug|Any CPU.Build.0 = Debug|Any CPU
		{19BE6CC3-9715-4CFA-8B19-5CF42CAAE4A2}.Release|Any CPU.ActiveCfg = Release|Any CPU
		{19BE6CC3-9715-4CFA-8B19-5CF42CAAE4A2}.Release|Any CPU.Build.0 = Release|Any CPU
		{3F77A6DF-9683-4450-A0FE-45259461947F}.Debug|Any CPU.ActiveCfg = Debug|Any CPU
		{3F77A6DF-9683-4450-A0FE-45259461947F}.Debug|Any CPU.Build.0 = Debug|Any CPU
		{3F77A6DF-9683-4450-A0FE-45259461947F}.Release|Any CPU.ActiveCfg = Release|Any CPU
		{3F77A6DF-9683-4450-A0FE-45259461947F}.Release|Any CPU.Build.0 = Release|Any CPU
		{152520F2-7D43-443B-B929-73BDFE9CE792}.Debug|Any CPU.ActiveCfg = Debug|Any CPU
		{152520F2-7D43-443B-B929-73BDFE9CE792}.Debug|Any CPU.Build.0 = Debug|Any CPU
		{152520F2-7D43-443B-B929-73BDFE9CE792}.Release|Any CPU.ActiveCfg = Release|Any CPU
		{152520F2-7D43-443B-B929-73BDFE9CE792}.Release|Any CPU.Build.0 = Release|Any CPU
		{B8CD6B76-6416-4C10-8746-EC65CA09B191}.Debug|Any CPU.ActiveCfg = Debug|Any CPU
		{B8CD6B76-6416-4C10-8746-EC65CA09B191}.Debug|Any CPU.Build.0 = Debug|Any CPU
		{B8CD6B76-6416-4C10-8746-EC65CA09B191}.Release|Any CPU.ActiveCfg = Release|Any CPU
		{B8CD6B76-6416-4C10-8746-EC65CA09B191}.Release|Any CPU.Build.0 = Release|Any CPU
		{FAC26029-1E00-43E5-B7DB-13318FC1092A}.Debug|Any CPU.ActiveCfg = Debug|Any CPU
		{FAC26029-1E00-43E5-B7DB-13318FC1092A}.Debug|Any CPU.Build.0 = Debug|Any CPU
		{FAC26029-1E00-43E5-B7DB-13318FC1092A}.Release|Any CPU.ActiveCfg = Release|Any CPU
		{FAC26029-1E00-43E5-B7DB-13318FC1092A}.Release|Any CPU.Build.0 = Release|Any CPU
		{4FFA67B5-3CD7-4E37-918D-26DBD9947FB3}.Debug|Any CPU.ActiveCfg = Debug|Any CPU
		{4FFA67B5-3CD7-4E37-918D-26DBD9947FB3}.Debug|Any CPU.Build.0 = Debug|Any CPU
		{4FFA67B5-3CD7-4E37-918D-26DBD9947FB3}.Release|Any CPU.ActiveCfg = Release|Any CPU
		{4FFA67B5-3CD7-4E37-918D-26DBD9947FB3}.Release|Any CPU.Build.0 = Release|Any CPU
	EndGlobalSection
	GlobalSection(SolutionProperties) = preSolution
		HideSolutionNode = FALSE
	EndGlobalSection
	GlobalSection(NestedProjects) = preSolution
		{207E1813-EC15-4C3B-ADBC-88E3733257E4} = {3CB57DB2-A0E9-4C56-B3D4-9051F34BD2C1}
		{02CA6A55-A771-4AD5-912A-484A2BBEFBD5} = {3CB57DB2-A0E9-4C56-B3D4-9051F34BD2C1}
		{2951D082-F37D-45F1-92FA-19DCFF3D8622} = {3CB57DB2-A0E9-4C56-B3D4-9051F34BD2C1}
		{C3E92DC8-F3C3-4CBF-BBC8-02B6DD440817} = {3CB57DB2-A0E9-4C56-B3D4-9051F34BD2C1}
		{D8CB2DA9-4AE4-417C-89C3-00555F5E1F47} = {3CB57DB2-A0E9-4C56-B3D4-9051F34BD2C1}
		{1C7DB98E-AEC5-4921-A765-AC81F1B8E40A} = {CF9C0BCF-E877-47A2-BEF4-F0068F16F074}
		{182F83FE-F6C2-4B6C-BF65-48EDB28EA14A} = {CF9C0BCF-E877-47A2-BEF4-F0068F16F074}
		{1017C202-2EA7-4074-9BF9-276921403F3D} = {CF9C0BCF-E877-47A2-BEF4-F0068F16F074}
		{DCECEB8B-70F6-459F-8893-57218338D0F7} = {CF9C0BCF-E877-47A2-BEF4-F0068F16F074}
		{87B17C90-2562-4187-A152-3000DD9A6E1B} = {CF9C0BCF-E877-47A2-BEF4-F0068F16F074}
		{245211CB-E830-454E-BE75-DCFA904EBB8B} = {CF9C0BCF-E877-47A2-BEF4-F0068F16F074}
		{19BE6CC3-9715-4CFA-8B19-5CF42CAAE4A2} = {CF9C0BCF-E877-47A2-BEF4-F0068F16F074}
		{3F77A6DF-9683-4450-A0FE-45259461947F} = {CF9C0BCF-E877-47A2-BEF4-F0068F16F074}
		{152520F2-7D43-443B-B929-73BDFE9CE792} = {CF9C0BCF-E877-47A2-BEF4-F0068F16F074}
		{B8CD6B76-6416-4C10-8746-EC65CA09B191} = {CF9C0BCF-E877-47A2-BEF4-F0068F16F074}
		{FAC26029-1E00-43E5-B7DB-13318FC1092A} = {3CB57DB2-A0E9-4C56-B3D4-9051F34BD2C1}
	EndGlobalSection
EndGlobal
