
Microsoft Visual Studio Solution File, Format Version 12.00
# Visual Studio 14
VisualStudioVersion = 14.0.24720.0
MinimumVisualStudioVersion = 10.0.40219.1
Project("{FAE04EC0-301F-11D3-BF4B-00C04F79EFBC}") = "TestHarness", "TestHarness\TestHarness.csproj", "{B583FDF3-13A0-4875-82F5-1ED712B89362}"
EndProject
Project("{FAE04EC0-301F-11D3-BF4B-00C04F79EFBC}") = "Tests", "Tests\Tests.csproj", "{FEAAE402-8ED0-47FB-8E54-42B1D7F654CC}"
EndProject
Project("{FAE04EC0-301F-11D3-BF4B-00C04F79EFBC}") = "Utils", "Common\Utils.csproj", "{572499ED-E234-4C66-BD6E-D5A845065C5F}"
EndProject
Project("{D954291E-2A0B-460D-934E-DC6B0785DB48}") = "Common", "Common.Data\Common.shproj", "{19307507-7C7A-433E-9752-7A3E63876991}"
EndProject
Project("{FAE04EC0-301F-11D3-BF4B-00C04F79EFBC}") = "NServiceBus5", "NServiceBus5\NServiceBus5.csproj", "{BE2C7B5E-7A71-4B0C-9020-343ED2010993}"
EndProject
Project("{FAE04EC0-301F-11D3-BF4B-00C04F79EFBC}") = "NServiceBus6", "NServiceBus6\NServiceBus6.csproj", "{10D11044-C92C-42AD-830E-57012FF4F039}"
EndProject
Global
	GlobalSection(SharedMSBuildProjectFiles) = preSolution
		Common.Data\Common.Data.projitems*{10d11044-c92c-42ad-830e-57012ff4f039}*SharedItemsImports = 4
		Common.Data\Common.Data.projitems*{be2c7b5e-7a71-4b0c-9020-343ed2010993}*SharedItemsImports = 4
		Common.Data\Common.Data.projitems*{19307507-7c7a-433e-9752-7a3e63876991}*SharedItemsImports = 13
	EndGlobalSection
	GlobalSection(SolutionConfigurationPlatforms) = preSolution
		Debug|Any CPU = Debug|Any CPU
		Release|Any CPU = Release|Any CPU
	EndGlobalSection
	GlobalSection(ProjectConfigurationPlatforms) = postSolution
		{B583FDF3-13A0-4875-82F5-1ED712B89362}.Debug|Any CPU.ActiveCfg = Debug|Any CPU
		{B583FDF3-13A0-4875-82F5-1ED712B89362}.Debug|Any CPU.Build.0 = Debug|Any CPU
		{B583FDF3-13A0-4875-82F5-1ED712B89362}.Release|Any CPU.ActiveCfg = Release|Any CPU
		{B583FDF3-13A0-4875-82F5-1ED712B89362}.Release|Any CPU.Build.0 = Release|Any CPU
		{FEAAE402-8ED0-47FB-8E54-42B1D7F654CC}.Debug|Any CPU.ActiveCfg = Debug|Any CPU
		{FEAAE402-8ED0-47FB-8E54-42B1D7F654CC}.Debug|Any CPU.Build.0 = Debug|Any CPU
		{FEAAE402-8ED0-47FB-8E54-42B1D7F654CC}.Release|Any CPU.ActiveCfg = Release|Any CPU
		{FEAAE402-8ED0-47FB-8E54-42B1D7F654CC}.Release|Any CPU.Build.0 = Release|Any CPU
		{572499ED-E234-4C66-BD6E-D5A845065C5F}.Debug|Any CPU.ActiveCfg = Debug|Any CPU
		{572499ED-E234-4C66-BD6E-D5A845065C5F}.Debug|Any CPU.Build.0 = Debug|Any CPU
		{572499ED-E234-4C66-BD6E-D5A845065C5F}.Release|Any CPU.ActiveCfg = Release|Any CPU
		{572499ED-E234-4C66-BD6E-D5A845065C5F}.Release|Any CPU.Build.0 = Release|Any CPU
		{BE2C7B5E-7A71-4B0C-9020-343ED2010993}.Debug|Any CPU.ActiveCfg = Debug|Any CPU
		{BE2C7B5E-7A71-4B0C-9020-343ED2010993}.Debug|Any CPU.Build.0 = Debug|Any CPU
		{BE2C7B5E-7A71-4B0C-9020-343ED2010993}.Release|Any CPU.ActiveCfg = Release|Any CPU
		{BE2C7B5E-7A71-4B0C-9020-343ED2010993}.Release|Any CPU.Build.0 = Release|Any CPU
		{10D11044-C92C-42AD-830E-57012FF4F039}.Debug|Any CPU.ActiveCfg = Debug|Any CPU
		{10D11044-C92C-42AD-830E-57012FF4F039}.Debug|Any CPU.Build.0 = Debug|Any CPU
		{10D11044-C92C-42AD-830E-57012FF4F039}.Release|Any CPU.ActiveCfg = Release|Any CPU
		{10D11044-C92C-42AD-830E-57012FF4F039}.Release|Any CPU.Build.0 = Release|Any CPU
	EndGlobalSection
	GlobalSection(SolutionProperties) = preSolution
		HideSolutionNode = FALSE
	EndGlobalSection
EndGlobal
